<?xml version="1.0" encoding="utf-8"?>
<Project ToolsVersion="4.0" xmlns="http://schemas.microsoft.com/developer/msbuild/2003">
  <ItemGroup>
    <Filter Include="资源文件">
      <UniqueIdentifier>{67DA6AB6-F800-4c08-8B7A-83BB121AAD01}</UniqueIdentifier>
      <Extensions>rc;ico;cur;bmp;dlg;rc2;rct;bin;rgs;gif;jpg;jpeg;jpe;resx;tiff;tif;png;wav;mfcribbon-ms</Extensions>
    </Filter>
    <Filter Include="Src">
      <UniqueIdentifier>{d038b787-6387-4bf1-a595-659061e06759}</UniqueIdentifier>
    </Filter>
    <Filter Include="Head">
      <UniqueIdentifier>{f35ff317-8bf7-456e-bb84-7645a424dcba}</UniqueIdentifier>
    </Filter>
  </ItemGroup>
  <ItemGroup>
    <ClInclude Include="Head\framework.h">
      <Filter>Head</Filter>
    </ClInclude>
    <ClInclude Include="Head\RayTracing.h">
      <Filter>Head</Filter>
    </ClInclude>
    <ClInclude Include="Head\targetver.h">
      <Filter>Head</Filter>
    </ClInclude>
    <ClInclude Include="Head\Camera.h">
      <Filter>Head</Filter>
    </ClInclude>
    <ClInclude Include="Head\Resource.h">
      <Filter>Head</Filter>
    </ClInclude>
    <ClInclude Include="Head\Ray.h">
      <Filter>Head</Filter>
    </ClInclude>
    <ClInclude Include="Head\Vector3.h">
      <Filter>Head</Filter>
    </ClInclude>
    <ClInclude Include="Head\Sphere.h">
      <Filter>Head</Filter>
    </ClInclude>
    <ClInclude Include="Head\Hitable.h">
      <Filter>Head</Filter>
    </ClInclude>
    <ClInclude Include="Head\Material.h">
      <Filter>Head</Filter>
    </ClInclude>
    <ClInclude Include="Head\Random.h">
      <Filter>Head</Filter>
    </ClInclude>
    <ClInclude Include="Head\HitableList.h">
      <Filter>Head</Filter>
    </ClInclude>
    <ClInclude Include="Head\World.h">
      <Filter>Head</Filter>
    </ClInclude>
    <ClInclude Include="Head\MoveSphere.h">
      <Filter>Head</Filter>
    </ClInclude>
    <ClInclude Include="Head\AABB.h">
      <Filter>Head</Filter>
    </ClInclude>
    <ClInclude Include="Head\BVH.h">
      <Filter>Head</Filter>
    </ClInclude>
    <ClInclude Include="Head\stb_image.h">
      <Filter>Head</Filter>
    </ClInclude>
    <ClInclude Include="Head\stb_image_write.h">
      <Filter>Head</Filter>
    </ClInclude>
    <ClInclude Include="Head\Texture.h">
      <Filter>Head</Filter>
    </ClInclude>
    <ClInclude Include="Head\Perlin.h">
      <Filter>Head</Filter>
    </ClInclude>
  </ItemGroup>
  <ItemGroup>
    <ResourceCompile Include="RayTracing.rc">
      <Filter>资源文件</Filter>
    </ResourceCompile>
  </ItemGroup>
  <ItemGroup>
    <Image Include="small.ico">
      <Filter>资源文件</Filter>
    </Image>
    <Image Include="RayTracing.ico">
      <Filter>资源文件</Filter>
    </Image>
  </ItemGroup>
  <ItemGroup>
    <ClCompile Include="Src\RayTracing.cpp">
      <Filter>Src</Filter>
    </ClCompile>
  </ItemGroup>
</Project>